# THIS IS AN AUTOGENERATED FILE. DO NOT EDIT THIS FILE DIRECTLY.
# yarn lockfile v1


"@zackfern/package-one@^1.0.0":
  version "1.0.0"
  resolved "https://registry.yarnpkg.com/@zackfern/package-one/-/package-one-1.0.0.tgz#5c3333b22a41470849420417314e78b44170ad97"
  integrity sha512-xjaONEROZQ7PAJdVme79W6+Vvv/q4av3cQe04noAkNNpHiaB5iOmtZan9Pkgz6ikkNQo9k8//SWiNGrkaNYWeg==

"@zackfern/package-two@^1.0.0":
  version "1.0.0"
  resolved "https://registry.yarnpkg.com/@zackfern/package-two/-/package-two-1.0.0.tgz#84d1871602cc2419631edf8753e3e4bf45405310"
  integrity sha512-53RkBgSN2D44hGX4TdziwVLtxqlvlD0f6XEClpoMXqWdT90fbu0UEFWAPnPUbQjpAHOmNMtnumHmYQCONPl+ZA==
